
Microsoft Visual Studio Solution File, Format Version 12.00
# Visual Studio 15
VisualStudioVersion = 15.0.26730.16
MinimumVisualStudioVersion = 10.0.40219.1
Project("{FAE04EC0-301F-11D3-BF4B-00C04F79EFBC}") = "Ex1Classes", "CSharpBasicOOP\Ex1Classes.csproj", "{6325473A-8490-4BB3-8461-D74EE9E474EE}"
EndProject
Project("{FAE04EC0-301F-11D3-BF4B-00C04F79EFBC}") = "Ex2Interface", "Ex2Interface\Ex2Interface.csproj", "{0A674FC2-B616-4253-A7AE-1D16B307821E}"
EndProject
Project("{FAE04EC0-301F-11D3-BF4B-00C04F79EFBC}") = "Ex3Abstract", "Ex3Abstract\Ex3Abstract.csproj", "{51C1EB32-AAEA-44A2-81A2-0A4FA4E1F5B7}"
EndProject
Global
	GlobalSection(SolutionConfigurationPlatforms) = preSolution
		Debug|Any CPU = Debug|Any CPU
		Release|Any CPU = Release|Any CPU
	EndGlobalSection
	GlobalSection(ProjectConfigurationPlatforms) = postSolution
		{6325473A-8490-4BB3-8461-D74EE9E474EE}.Debug|Any CPU.ActiveCfg = Debug|Any CPU
		{6325473A-8490-4BB3-8461-D74EE9E474EE}.Debug|Any CPU.Build.0 = Debug|Any CPU
		{6325473A-8490-4BB3-8461-D74EE9E474EE}.Release|Any CPU.ActiveCfg = Release|Any CPU
		{6325473A-8490-4BB3-8461-D74EE9E474EE}.Release|Any CPU.Build.0 = Release|Any CPU
		{0A674FC2-B616-4253-A7AE-1D16B307821E}.Debug|Any CPU.ActiveCfg = Debug|Any CPU
		{0A674FC2-B616-4253-A7AE-1D16B307821E}.Debug|Any CPU.Build.0 = Debug|Any CPU
		{0A674FC2-B616-4253-A7AE-1D16B307821E}.Release|Any CPU.ActiveCfg = Release|Any CPU
		{0A674FC2-B616-4253-A7AE-1D16B307821E}.Release|Any CPU.Build.0 = Release|Any CPU
		{51C1EB32-AAEA-44A2-81A2-0A4FA4E1F5B7}.Debug|Any CPU.ActiveCfg = Debug|Any CPU
		{51C1EB32-AAEA-44A2-81A2-0A4FA4E1F5B7}.Debug|Any CPU.Build.0 = Debug|Any CPU
		{51C1EB32-AAEA-44A2-81A2-0A4FA4E1F5B7}.Release|Any CPU.ActiveCfg = Release|Any CPU
		{51C1EB32-AAEA-44A2-81A2-0A4FA4E1F5B7}.Release|Any CPU.Build.0 = Release|Any CPU
	EndGlobalSection
	GlobalSection(SolutionProperties) = preSolution
		HideSolutionNode = FALSE
	EndGlobalSection
	GlobalSection(ExtensibilityGlobals) = postSolution
		SolutionGuid = {558D3DD1-9E2E-4262-B98D-330EB3B0B7FE}
	EndGlobalSection
EndGlobal
